
Microsoft Visual Studio Solution File, Format Version 12.00
# Visual Studio Version 16
VisualStudioVersion = 16.0.30621.155
MinimumVisualStudioVersion = 10.0.40219.1
Project("{FAE04EC0-301F-11D3-BF4B-00C04F79EFBC}") = "EF_N00024113", "EF_N00024113\EF_N00024113.csproj", "{3B0EC179-1948-4CB3-8DCE-F3E1CC93CB51}"
EndProject
Global
	GlobalSection(SolutionConfigurationPlatforms) = preSolution
		Debug|Any CPU = Debug|Any CPU
		Release|Any CPU = Release|Any CPU
	EndGlobalSection
	GlobalSection(ProjectConfigurationPlatforms) = postSolution
		{3B0EC179-1948-4CB3-8DCE-F3E1CC93CB51}.Debug|Any CPU.ActiveCfg = Debug|Any CPU
		{3B0EC179-1948-4CB3-8DCE-F3E1CC93CB51}.Debug|Any CPU.Build.0 = Debug|Any CPU
		{3B0EC179-1948-4CB3-8DCE-F3E1CC93CB51}.Release|Any CPU.ActiveCfg = Release|Any CPU
		{3B0EC179-1948-4CB3-8DCE-F3E1CC93CB51}.Release|Any CPU.Build.0 = Release|Any CPU
	EndGlobalSection
	GlobalSection(SolutionProperties) = preSolution
		HideSolutionNode = FALSE
	EndGlobalSection
	GlobalSection(ExtensibilityGlobals) = postSolution
		SolutionGuid = {40AB7B8E-926A-4D0A-8449-B2D9C77AABB5}
	EndGlobalSection
EndGlobal
